
Microsoft Visual Studio Solution File, Format Version 10.00
# Visual Studio 2008
Project("{FAE04EC0-301F-11D3-BF4B-00C04F79EFBC}") = "Gilson Ethernet Sample Application", "Gilson Ethernet Sample Application.csproj", "{5F30227F-A7E0-4921-A357-608FAD3E75B6}"
EndProject
Global
	GlobalSection(SolutionConfigurationPlatforms) = preSolution
		Debug|Any CPU = Debug|Any CPU
		Release|Any CPU = Release|Any CPU
	EndGlobalSection
	GlobalSection(ProjectConfigurationPlatforms) = postSolution
		{5F30227F-A7E0-4921-A357-608FAD3E75B6}.Debug|Any CPU.ActiveCfg = Debug|Any CPU
		{5F30227F-A7E0-4921-A357-608FAD3E75B6}.Debug|Any CPU.Build.0 = Debug|Any CPU
		{5F30227F-A7E0-4921-A357-608FAD3E75B6}.Release|Any CPU.ActiveCfg = Release|Any CPU
		{5F30227F-A7E0-4921-A357-608FAD3E75B6}.Release|Any CPU.Build.0 = Release|Any CPU
	EndGlobalSection
	GlobalSection(SolutionProperties) = preSolution
		HideSolutionNode = FALSE
	EndGlobalSection
EndGlobal
